// !$*UTF8*$!
{
	archiveVersion = 1;
	classes = {
	};
	objectVersion = 50;
	objects = {

/* Begin PBXBuildFile section */
		ED1B92E5225E6B1F0061F098 /* stringExtension.swift in Sources */ = {isa = PBXBuildFile; fileRef = ED1B92E4225E6B1F0061F098 /* stringExtension.swift */; };
		ED1B92E7225E6C010061F098 /* textConverter.swift in Sources */ = {isa = PBXBuildFile; fileRef = ED1B92E6225E6C010061F098 /* textConverter.swift */; };
		ED4F2BD0225E06990058A76F /* Generator.swift in Sources */ = {isa = PBXBuildFile; fileRef = ED4F2BCF225E06990058A76F /* Generator.swift */; };
		ED4F2BD2225E06F90058A76F /* PrimeChecker.swift in Sources */ = {isa = PBXBuildFile; fileRef = ED4F2BD1225E06F90058A76F /* PrimeChecker.swift */; };
		ED4F2BD4225E07AE0058A76F /* CoPrimeChecker.swift in Sources */ = {isa = PBXBuildFile; fileRef = ED4F2BD3225E07AE0058A76F /* CoPrimeChecker.swift */; };
		ED4F2BD6225E50930058A76F /* PQChecker.swift in Sources */ = {isa = PBXBuildFile; fileRef = ED4F2BD5225E50930058A76F /* PQChecker.swift */; };
		ED4F2BD8225E53390058A76F /* EulerGenerator.swift in Sources */ = {isa = PBXBuildFile; fileRef = ED4F2BD7225E53390058A76F /* EulerGenerator.swift */; };
		EDFEB7E9225717E1007D0539 /* AppDelegate.swift in Sources */ = {isa = PBXBuildFile; fileRef = EDFEB7E8225717E1007D0539 /* AppDelegate.swift */; };
		EDFEB7EB225717E1007D0539 /* ViewController.swift in Sources */ = {isa = PBXBuildFile; fileRef = EDFEB7EA225717E1007D0539 /* ViewController.swift */; };
		EDFEB7ED225717E2007D0539 /* Assets.xcassets in Resources */ = {isa = PBXBuildFile; fileRef = EDFEB7EC225717E2007D0539 /* Assets.xcassets */; };
		EDFEB7F0225717E2007D0539 /* Main.storyboard in Resources */ = {isa = PBXBuildFile; fileRef = EDFEB7EE225717E2007D0539 /* Main.storyboard */; };
/* End PBXBuildFile section */

/* Begin PBXFileReference section */
		ED1B92E4225E6B1F0061F098 /* stringExtension.swift */ = {isa = PBXFileReference; lastKnownFileType = sourcecode.swift; path = stringExtension.swift; sourceTree = "<group>"; };
		ED1B92E6225E6C010061F098 /* textConverter.swift */ = {isa = PBXFileReference; lastKnownFileType = sourcecode.swift; path = textConverter.swift; sourceTree = "<group>"; };
		ED4F2BCF225E06990058A76F /* Generator.swift */ = {isa = PBXFileReference; lastKnownFileType = sourcecode.swift; path = Generator.swift; sourceTree = "<group>"; };
		ED4F2BD1225E06F90058A76F /* PrimeChecker.swift */ = {isa = PBXFileReference; lastKnownFileType = sourcecode.swift; path = PrimeChecker.swift; sourceTree = "<group>"; };
		ED4F2BD3225E07AE0058A76F /* CoPrimeChecker.swift */ = {isa = PBXFileReference; lastKnownFileType = sourcecode.swift; path = CoPrimeChecker.swift; sourceTree = "<group>"; };
		ED4F2BD5225E50930058A76F /* PQChecker.swift */ = {isa = PBXFileReference; lastKnownFileType = sourcecode.swift; path = PQChecker.swift; sourceTree = "<group>"; };
		ED4F2BD7225E53390058A76F /* EulerGenerator.swift */ = {isa = PBXFileReference; lastKnownFileType = sourcecode.swift; path = EulerGenerator.swift; sourceTree = "<group>"; };
		EDFEB7E5225717E1007D0539 /* rsa.app */ = {isa = PBXFileReference; explicitFileType = wrapper.application; includeInIndex = 0; path = rsa.app; sourceTree = BUILT_PRODUCTS_DIR; };
		EDFEB7E8225717E1007D0539 /* AppDelegate.swift */ = {isa = PBXFileReference; lastKnownFileType = sourcecode.swift; path = AppDelegate.swift; sourceTree = "<group>"; };
		EDFEB7EA225717E1007D0539 /* ViewController.swift */ = {isa = PBXFileReference; lastKnownFileType = sourcecode.swift; path = ViewController.swift; sourceTree = "<group>"; };
		EDFEB7EC225717E2007D0539 /* Assets.xcassets */ = {isa = PBXFileReference; lastKnownFileType = folder.assetcatalog; path = Assets.xcassets; sourceTree = "<group>"; };
		EDFEB7EF225717E2007D0539 /* Base */ = {isa = PBXFileReference; lastKnownFileType = file.storyboard; name = Base; path = Base.lproj/Main.storyboard; sourceTree = "<group>"; };
		EDFEB7F1225717E2007D0539 /* Info.plist */ = {isa = PBXFileReference; lastKnownFileType = text.plist.xml; path = Info.plist; sourceTree = "<group>"; };
		EDFEB7F2225717E2007D0539 /* rsa.entitlements */ = {isa = PBXFileReference; lastKnownFileType = text.plist.entitlements; path = rsa.entitlements; sourceTree = "<group>"; };
/* End PBXFileReference section */

/* Begin PBXFrameworksBuildPhase section */
		EDFEB7E2225717E1007D0539 /* Frameworks */ = {
			isa = PBXFrameworksBuildPhase;
			buildActionMask = 2147483647;
			files = (
			);
			runOnlyForDeploymentPostprocessing = 0;
		};
/* End PBXFrameworksBuildPhase section */

/* Begin PBXGroup section */
		EDFEB7DC225717E1007D0539 = {
			isa = PBXGroup;
			children = (
				ED1B92E4225E6B1F0061F098 /* stringExtension.swift */,
				EDFEB7E7225717E1007D0539 /* rsa */,
				EDFEB7E6225717E1007D0539 /* Products */,
			);
			sourceTree = "<group>";
		};
		EDFEB7E6225717E1007D0539 /* Products */ = {
			isa = PBXGroup;
			children = (
				EDFEB7E5225717E1007D0539 /* rsa.app */,
			);
			name = Products;
			sourceTree = "<group>";
		};
		EDFEB7E7225717E1007D0539 /* rsa */ = {
			isa = PBXGroup;
			children = (
				EDFEB7E8225717E1007D0539 /* AppDelegate.swift */,
				EDFEB7EA225717E1007D0539 /* ViewController.swift */,
				ED1B92E6225E6C010061F098 /* textConverter.swift */,
				ED4F2BD5225E50930058A76F /* PQChecker.swift */,
				ED4F2BD1225E06F90058A76F /* PrimeChecker.swift */,
				ED4F2BCF225E06990058A76F /* Generator.swift */,
				ED4F2BD7225E53390058A76F /* EulerGenerator.swift */,
				ED4F2BD3225E07AE0058A76F /* CoPrimeChecker.swift */,
				EDFEB7EC225717E2007D0539 /* Assets.xcassets */,
				EDFEB7EE225717E2007D0539 /* Main.storyboard */,
				EDFEB7F1225717E2007D0539 /* Info.plist */,
				EDFEB7F2225717E2007D0539 /* rsa.entitlements */,
			);
			path = rsa;
			sourceTree = "<group>";
		};
/* End PBXGroup section */

/* Begin PBXNativeTarget section */
		EDFEB7E4225717E1007D0539 /* rsa */ = {
			isa = PBXNativeTarget;
			buildConfigurationList = EDFEB7F5225717E2007D0539 /* Build configuration list for PBXNativeTarget "rsa" */;
			buildPhases = (
				EDFEB7E1225717E1007D0539 /* Sources */,
				EDFEB7E2225717E1007D0539 /* Frameworks */,
				EDFEB7E3225717E1007D0539 /* Resources */,
			);
			buildRules = (
			);
			dependencies = (
			);
			name = rsa;
			productName = rsa;
			productReference = EDFEB7E5225717E1007D0539 /* rsa.app */;
			productType = "com.apple.product-type.application";
		};
/* End PBXNativeTarget section */

/* Begin PBXProject section */
		EDFEB7DD225717E1007D0539 /* Project object */ = {
			isa = PBXProject;
			attributes = {
				LastSwiftUpdateCheck = 1020;
				LastUpgradeCheck = 1020;
				ORGANIZATIONNAME = "Kirill Parhomenko";
				TargetAttributes = {
					EDFEB7E4225717E1007D0539 = {
						CreatedOnToolsVersion = 10.2;
					};
				};
			};
			buildConfigurationList = EDFEB7E0225717E1007D0539 /* Build configuration list for PBXProject "rsa" */;
			compatibilityVersion = "Xcode 9.3";
			developmentRegion = en;
			hasScannedForEncodings = 0;
			knownRegions = (
				en,
				Base,
			);
			mainGroup = EDFEB7DC225717E1007D0539;
			productRefGroup = EDFEB7E6225717E1007D0539 /* Products */;
			projectDirPath = "";
			projectRoot = "";
			targets = (
				EDFEB7E4225717E1007D0539 /* rsa */,
			);
		};
/* End PBXProject section */

/* Begin PBXResourcesBuildPhase section */
		EDFEB7E3225717E1007D0539 /* Resources */ = {
			isa = PBXResourcesBuildPhase;
			buildActionMask = 2147483647;
			files = (
				EDFEB7ED225717E2007D0539 /* Assets.xcassets in Resources */,
				EDFEB7F0225717E2007D0539 /* Main.storyboard in Resources */,
			);
			runOnlyForDeploymentPostprocessing = 0;
		};
/* End PBXResourcesBuildPhase section */

/* Begin PBXSourcesBuildPhase section */
		EDFEB7E1225717E1007D0539 /* Sources */ = {
			isa = PBXSourcesBuildPhase;
			buildActionMask = 2147483647;
			files = (
				ED4F2BD6225E50930058A76F /* PQChecker.swift in Sources */,
				ED4F2BD4225E07AE0058A76F /* CoPrimeChecker.swift in Sources */,
				ED4F2BD8225E53390058A76F /* EulerGenerator.swift in Sources */,
				ED4F2BD0225E06990058A76F /* Generator.swift in Sources */,
				ED1B92E7225E6C010061F098 /* textConverter.swift in Sources */,
				ED1B92E5225E6B1F0061F098 /* stringExtension.swift in Sources */,
				EDFEB7EB225717E1007D0539 /* ViewController.swift in Sources */,
				EDFEB7E9225717E1007D0539 /* AppDelegate.swift in Sources */,
				ED4F2BD2225E06F90058A76F /* PrimeChecker.swift in Sources */,
			);
			runOnlyForDeploymentPostprocessing = 0;
		};
/* End PBXSourcesBuildPhase section */

/* Begin PBXVariantGroup section */
		EDFEB7EE225717E2007D0539 /* Main.storyboard */ = {
			isa = PBXVariantGroup;
			children = (
				EDFEB7EF225717E2007D0539 /* Base */,
			);
			name = Main.storyboard;
			sourceTree = "<group>";
		};
/* End PBXVariantGroup section */

/* Begin XCBuildConfiguration section */
		EDFEB7F3225717E2007D0539 /* Debug */ = {
			isa = XCBuildConfiguration;
			buildSettings = {
				ALWAYS_SEARCH_USER_PATHS = NO;
				CLANG_ANALYZER_NONNULL = YES;
				CLANG_ANALYZER_NUMBER_OBJECT_CONVERSION = YES_AGGRESSIVE;
				CLANG_CXX_LANGUAGE_STANDARD = "gnu++14";
				CLANG_CXX_LIBRARY = "libc++";
				CLANG_ENABLE_MODULES = YES;
				CLANG_ENABLE_OBJC_ARC = YES;
				CLANG_ENABLE_OBJC_WEAK = YES;
				CLANG_WARN_BLOCK_CAPTURE_AUTORELEASING = YES;
				CLANG_WARN_BOOL_CONVERSION = YES;
				CLANG_WARN_COMMA = YES;
				CLANG_WARN_CONSTANT_CONVERSION = YES;
				CLANG_WARN_DEPRECATED_OBJC_IMPLEMENTATIONS = YES;
				CLANG_WARN_DIRECT_OBJC_ISA_USAGE = YES_ERROR;
				CLANG_WARN_DOCUMENTATION_COMMENTS = YES;
				CLANG_WARN_EMPTY_BODY = YES;
				CLANG_WARN_ENUM_CONVERSION = YES;
				CLANG_WARN_INFINITE_RECURSION = YES;
				CLANG_WARN_INT_CONVERSION = YES;
				CLANG_WARN_NON_LITERAL_NULL_CONVERSION = YES;
				CLANG_WARN_OBJC_IMPLICIT_RETAIN_SELF = YES;
				CLANG_WARN_OBJC_LITERAL_CONVERSION = YES;
				CLANG_WARN_OBJC_ROOT_CLASS = YES_ERROR;
				CLANG_WARN_RANGE_LOOP_ANALYSIS = YES;
				CLANG_WARN_STRICT_PROTOTYPES = YES;
				CLANG_WARN_SUSPICIOUS_MOVE = YES;
				CLANG_WARN_UNGUARDED_AVAILABILITY = YES_AGGRESSIVE;
				CLANG_WARN_UNREACHABLE_CODE = YES;
				CLANG_WARN__DUPLICATE_METHOD_MATCH = YES;
				CODE_SIGN_IDENTITY = "Mac Developer";
				COPY_PHASE_STRIP = NO;
				DEBUG_INFORMATION_FORMAT = dwarf;
				ENABLE_STRICT_OBJC_MSGSEND = YES;
				ENABLE_TESTABILITY = YES;
				GCC_C_LANGUAGE_STANDARD = gnu11;
				GCC_DYNAMIC_NO_PIC = NO;
				GCC_NO_COMMON_BLOCKS = YES;
				GCC_OPTIMIZATION_LEVEL = 0;
				GCC_PREPROCESSOR_DEFINITIONS = (
					"DEBUG=1",
					"$(inherited)",
				);
				GCC_WARN_64_TO_32_BIT_CONVERSION = YES;
				GCC_WARN_ABOUT_RETURN_TYPE = YES_ERROR;
				GCC_WARN_UNDECLARED_SELECTOR = YES;
				GCC_WARN_UNINITIALIZED_AUTOS = YES_AGGRESSIVE;
				GCC_WARN_UNUSED_FUNCTION = YES;
				GCC_WARN_UNUSED_VARIABLE = YES;
				MACOSX_DEPLOYMENT_TARGET = 10.14;
				MTL_ENABLE_DEBUG_INFO = INCLUDE_SOURCE;
				MTL_FAST_MATH = YES;
				ONLY_ACTIVE_ARCH = YES;
				SDKROOT = macosx;
				SWIFT_ACTIVE_COMPILATION_CONDITIONS = DEBUG;
				SWIFT_OPTIMIZATION_LEVEL = "-Onone";
			};
			name = Debug;
		};
		EDFEB7F4225717E2007D0539 /* Release */ = {
			isa = XCBuildConfiguration;
			buildSettings = {
				ALWAYS_SEARCH_USER_PATHS = NO;
				CLANG_ANALYZER_NONNULL = YES;
				CLANG_ANALYZER_NUMBER_OBJECT_CONVERSION = YES_AGGRESSIVE;
				CLANG_CXX_LANGUAGE_STANDARD = "gnu++14";
				CLANG_CXX_LIBRARY = "libc++";
				CLANG_ENABLE_MODULES = YES;
				CLANG_ENABLE_OBJC_ARC = YES;
				CLANG_ENABLE_OBJC_WEAK = YES;
				CLANG_WARN_BLOCK_CAPTURE_AUTORELEASING = YES;
				CLANG_WARN_BOOL_CONVERSION = YES;
				CLANG_WARN_COMMA = YES;
				CLANG_WARN_CONSTANT_CONVERSION = YES;
				CLANG_WARN_DEPRECATED_OBJC_IMPLEMENTATIONS = YES;
				CLANG_WARN_DIRECT_OBJC_ISA_USAGE = YES_ERROR;
				CLANG_WARN_DOCUMENTATION_COMMENTS = YES;
				CLANG_WARN_EMPTY_BODY = YES;
				CLANG_WARN_ENUM_CONVERSION = YES;
				CLANG_WARN_INFINITE_RECURSION = YES;
				CLANG_WARN_INT_CONVERSION = YES;
				CLANG_WARN_NON_LITERAL_NULL_CONVERSION = YES;
				CLANG_WARN_OBJC_IMPLICIT_RETAIN_SELF = YES;
				CLANG_WARN_OBJC_LITERAL_CONVERSION = YES;
				CLANG_WARN_OBJC_ROOT_CLASS = YES_ERROR;
				CLANG_WARN_RANGE_LOOP_ANALYSIS = YES;
				CLANG_WARN_STRICT_PROTOTYPES = YES;
				CLANG_WARN_SUSPICIOUS_MOVE = YES;
				CLANG_WARN_UNGUARDED_AVAILABILITY = YES_AGGRESSIVE;
				CLANG_WARN_UNREACHABLE_CODE = YES;
				CLANG_WARN__DUPLICATE_METHOD_MATCH = YES;
				CODE_SIGN_IDENTITY = "Mac Developer";
				COPY_PHASE_STRIP = NO;
				DEBUG_INFORMATION_FORMAT = "dwarf-with-dsym";
				ENABLE_NS_ASSERTIONS = NO;
				ENABLE_STRICT_OBJC_MSGSEND = YES;
				GCC_C_LANGUAGE_STANDARD = gnu11;
				GCC_NO_COMMON_BLOCKS = YES;
				GCC_WARN_64_TO_32_BIT_CONVERSION = YES;
				GCC_WARN_ABOUT_RETURN_TYPE = YES_ERROR;
				GCC_WARN_UNDECLARED_SELECTOR = YES;
				GCC_WARN_UNINITIALIZED_AUTOS = YES_AGGRESSIVE;
				GCC_WARN_UNUSED_FUNCTION = YES;
				GCC_WARN_UNUSED_VARIABLE = YES;
				MACOSX_DEPLOYMENT_TARGET = 10.14;
				MTL_ENABLE_DEBUG_INFO = NO;
				MTL_FAST_MATH = YES;
				SDKROOT = macosx;
				SWIFT_COMPILATION_MODE = wholemodule;
				SWIFT_OPTIMIZATION_LEVEL = "-O";
			};
			name = Release;
		};
		EDFEB7F6225717E2007D0539 /* Debug */ = {
			isa = XCBuildConfiguration;
			buildSettings = {
				ASSETCATALOG_COMPILER_APPICON_NAME = AppIcon;
				CODE_SIGN_ENTITLEMENTS = rsa/rsa.entitlements;
				CODE_SIGN_STYLE = Automatic;
				COMBINE_HIDPI_IMAGES = YES;
				DEVELOPMENT_TEAM = 5MLP2K8ZE3;
				INFOPLIST_FILE = rsa/Info.plist;
				LD_RUNPATH_SEARCH_PATHS = (
					"$(inherited)",
					"@executable_path/../Frameworks",
				);
				PRODUCT_BUNDLE_IDENTIFIER = ru.nksw.rsa;
				PRODUCT_NAME = "$(TARGET_NAME)";
				SWIFT_VERSION = 5.0;
			};
			name = Debug;
		};
		EDFEB7F7225717E2007D0539 /* Release */ = {
			isa = XCBuildConfiguration;
			buildSettings = {
				ASSETCATALOG_COMPILER_APPICON_NAME = AppIcon;
				CODE_SIGN_ENTITLEMENTS = rsa/rsa.entitlements;
				CODE_SIGN_STYLE = Automatic;
				COMBINE_HIDPI_IMAGES = YES;
				DEVELOPMENT_TEAM = 5MLP2K8ZE3;
				INFOPLIST_FILE = rsa/Info.plist;
				LD_RUNPATH_SEARCH_PATHS = (
					"$(inherited)",
					"@executable_path/../Frameworks",
				);
				PRODUCT_BUNDLE_IDENTIFIER = ru.nksw.rsa;
				PRODUCT_NAME = "$(TARGET_NAME)";
				SWIFT_VERSION = 5.0;
			};
			name = Release;
		};
/* End XCBuildConfiguration section */

/* Begin XCConfigurationList section */
		EDFEB7E0225717E1007D0539 /* Build configuration list for PBXProject "rsa" */ = {
			isa = XCConfigurationList;
			buildConfigurations = (
				EDFEB7F3225717E2007D0539 /* Debug */,
				EDFEB7F4225717E2007D0539 /* Release */,
			);
			defaultConfigurationIsVisible = 0;
			defaultConfigurationName = Release;
		};
		EDFEB7F5225717E2007D0539 /* Build configuration list for PBXNativeTarget "rsa" */ = {
			isa = XCConfigurationList;
			buildConfigurations = (
				EDFEB7F6225717E2007D0539 /* Debug */,
				EDFEB7F7225717E2007D0539 /* Release */,
			);
			defaultConfigurationIsVisible = 0;
			defaultConfigurationName = Release;
		};
/* End XCConfigurationList section */
	};
	rootObject = EDFEB7DD225717E1007D0539 /* Project object */;
}
